
Microsoft Visual Studio Solution File, Format Version 12.00
# Visual Studio Version 16
VisualStudioVersion = 16.0.31702.278
MinimumVisualStudioVersion = 10.0.40219.1
Project("{FAE04EC0-301F-11D3-BF4B-00C04F79EFBC}") = "sudoku console", "sudoku console\sudoku console.csproj", "{1F9872D0-8821-4F61-B326-0A18BAA33145}"
EndProject
Global
	GlobalSection(SolutionConfigurationPlatforms) = preSolution
		Debug|Any CPU = Debug|Any CPU
		Release|Any CPU = Release|Any CPU
	EndGlobalSection
	GlobalSection(ProjectConfigurationPlatforms) = postSolution
		{1F9872D0-8821-4F61-B326-0A18BAA33145}.Debug|Any CPU.ActiveCfg = Debug|Any CPU
		{1F9872D0-8821-4F61-B326-0A18BAA33145}.Debug|Any CPU.Build.0 = Debug|Any CPU
		{1F9872D0-8821-4F61-B326-0A18BAA33145}.Release|Any CPU.ActiveCfg = Release|Any CPU
		{1F9872D0-8821-4F61-B326-0A18BAA33145}.Release|Any CPU.Build.0 = Release|Any CPU
	EndGlobalSection
	GlobalSection(SolutionProperties) = preSolution
		HideSolutionNode = FALSE
	EndGlobalSection
	GlobalSection(ExtensibilityGlobals) = postSolution
		SolutionGuid = {EFABD5E1-3800-4E4A-B8EA-C44D22CD572C}
	EndGlobalSection
EndGlobal
